
Microsoft Visual Studio Solution File, Format Version 12.00
# Visual Studio Version 17
VisualStudioVersion = 17.7.34018.315
MinimumVisualStudioVersion = 10.0.40219.1
Project("{FAE04EC0-301F-11D3-BF4B-00C04F79EFBC}") = "10 pfl", "10 pfl\10 pfl.csproj", "{331DC72D-0BB4-404D-98C3-6A16EB058565}"
EndProject
Global
	GlobalSection(SolutionConfigurationPlatforms) = preSolution
		Debug|Any CPU = Debug|Any CPU
		Release|Any CPU = Release|Any CPU
	EndGlobalSection
	GlobalSection(ProjectConfigurationPlatforms) = postSolution
		{331DC72D-0BB4-404D-98C3-6A16EB058565}.Debug|Any CPU.ActiveCfg = Debug|Any CPU
		{331DC72D-0BB4-404D-98C3-6A16EB058565}.Debug|Any CPU.Build.0 = Debug|Any CPU
		{331DC72D-0BB4-404D-98C3-6A16EB058565}.Release|Any CPU.ActiveCfg = Release|Any CPU
		{331DC72D-0BB4-404D-98C3-6A16EB058565}.Release|Any CPU.Build.0 = Release|Any CPU
	EndGlobalSection
	GlobalSection(SolutionProperties) = preSolution
		HideSolutionNode = FALSE
	EndGlobalSection
	GlobalSection(ExtensibilityGlobals) = postSolution
		SolutionGuid = {B2B762DC-EE87-4F5F-99FD-A18CEDC42193}
	EndGlobalSection
EndGlobal
